
Microsoft Visual Studio Solution File, Format Version 12.00
# Visual Studio 15
VisualStudioVersion = 15.0.27130.2036
MinimumVisualStudioVersion = 10.0.40219.1
Project("{FAE04EC0-301F-11D3-BF4B-00C04F79EFBC}") = "EventHubTest", "EventHubTest\EventHubTest.csproj", "{D1C3A111-0CBB-4EAA-A73F-8BE4D3208049}"
EndProject
Global
	GlobalSection(SolutionConfigurationPlatforms) = preSolution
		Debug|Any CPU = Debug|Any CPU
		Release|Any CPU = Release|Any CPU
	EndGlobalSection
	GlobalSection(ProjectConfigurationPlatforms) = postSolution
		{D1C3A111-0CBB-4EAA-A73F-8BE4D3208049}.Debug|Any CPU.ActiveCfg = Debug|Any CPU
		{D1C3A111-0CBB-4EAA-A73F-8BE4D3208049}.Debug|Any CPU.Build.0 = Debug|Any CPU
		{D1C3A111-0CBB-4EAA-A73F-8BE4D3208049}.Release|Any CPU.ActiveCfg = Release|Any CPU
		{D1C3A111-0CBB-4EAA-A73F-8BE4D3208049}.Release|Any CPU.Build.0 = Release|Any CPU
	EndGlobalSection
	GlobalSection(SolutionProperties) = preSolution
		HideSolutionNode = FALSE
	EndGlobalSection
	GlobalSection(ExtensibilityGlobals) = postSolution
		SolutionGuid = {223C6C76-D3C7-4D5E-ADAC-15AC66FDCADF}
	EndGlobalSection
EndGlobal
